
Microsoft Visual Studio Solution File, Format Version 12.00
# Visual Studio Version 16
VisualStudioVersion = 16.0.32510.428
MinimumVisualStudioVersion = 10.0.40219.1
Project("{FAE04EC0-301F-11D3-BF4B-00C04F79EFBC}") = "HappyNumber", "HappyNumber\HappyNumber.csproj", "{4DDF0EBA-BDD5-426B-A2F5-776670B34ACD}"
EndProject
Global
	GlobalSection(SolutionConfigurationPlatforms) = preSolution
		Debug|Any CPU = Debug|Any CPU
		Release|Any CPU = Release|Any CPU
	EndGlobalSection
	GlobalSection(ProjectConfigurationPlatforms) = postSolution
		{4DDF0EBA-BDD5-426B-A2F5-776670B34ACD}.Debug|Any CPU.ActiveCfg = Debug|Any CPU
		{4DDF0EBA-BDD5-426B-A2F5-776670B34ACD}.Debug|Any CPU.Build.0 = Debug|Any CPU
		{4DDF0EBA-BDD5-426B-A2F5-776670B34ACD}.Release|Any CPU.ActiveCfg = Release|Any CPU
		{4DDF0EBA-BDD5-426B-A2F5-776670B34ACD}.Release|Any CPU.Build.0 = Release|Any CPU
	EndGlobalSection
	GlobalSection(SolutionProperties) = preSolution
		HideSolutionNode = FALSE
	EndGlobalSection
	GlobalSection(ExtensibilityGlobals) = postSolution
		SolutionGuid = {94E83F8E-0FF7-4146-BEF4-4A05EF121B28}
	EndGlobalSection
EndGlobal
